{
  "version": 4,
  "terraform_version": "1.11.4",
  "serial": 74,
  "lineage": "6140cb3e-c878-a0c6-e9d8-3fbc8f99775c",
  "outputs": {
    "api_endpoint": {
      "value": "https://hkz79z9rn4.execute-api.us-east-1.amazonaws.com/devdev/process",
      "type": "string"
    },
    "api_gateway_url": {
      "value": "https://hkz79z9rn4.execute-api.us-east-1.amazonaws.com/dev/process",
      "type": "string"
    },
    "aws_secret_name": {
      "value": "llm-utilities/api-keys",
      "type": "string"
    },
    "lambda_function_name": {
      "value": "document-processor",
      "type": "string"
    }
  },
  "resources": [
    {
      "mode": "data",
      "type": "aws_secretsmanager_secret",
      "name": "llm_api_keys",
      "provider": "provider[\"registry.terraform.io/hashicorp/aws\"]",
      "instances": [
        {
          "schema_version": 0,
          "attributes": {
            "arn": "arn:aws:secretsmanager:us-east-1:414171615259:secret:llm-utilities/api-keys-Et88vr",
            "created_date": "2025-04-13T01:02:45Z",
            "description": "",
            "id": "arn:aws:secretsmanager:us-east-1:414171615259:secret:llm-utilities/api-keys-Et88vr",
            "kms_key_id": "",
            "last_changed_date": "2025-05-08T23:25:58Z",
            "name": "llm-utilities/api-keys",
            "policy": "",
            "tags": {}
          },
          "sensitive_attributes": []
        }
      ]
    },
    {
      "mode": "managed",
      "type": "aws_api_gateway_deployment",
      "name": "llm_utilities_deployment",
      "provider": "provider[\"registry.terraform.io/hashicorp/aws\"]",
      "instances": [
        {
          "schema_version": 0,
          "attributes": {
            "canary_settings": [],
            "created_date": "2025-04-13T01:57:27Z",
            "description": "",
            "execution_arn": "arn:aws:execute-api:us-east-1:414171615259:hkz79z9rn4/dev",
            "id": "vpev0w",
            "invoke_url": "https://hkz79z9rn4.execute-api.us-east-1.amazonaws.com/dev",
            "rest_api_id": "hkz79z9rn4",
            "stage_description": null,
            "stage_name": "dev",
            "triggers": null,
            "variables": null
          },
          "sensitive_attributes": [],
          "private": "bnVsbA==",
          "dependencies": [
            "aws_api_gateway_integration.document_processor_integration",
            "aws_api_gateway_method.document_processor_method",
            "aws_api_gateway_resource.document_processor_resource",
            "aws_api_gateway_rest_api.llm_utilities_api",
            "aws_cloudwatch_log_group.document_processor_logs",
            "aws_iam_policy.lambda_logs_policy",
            "aws_iam_policy.lambda_secretsmanager_policy",
            "aws_iam_role.lambda_role",
            "aws_iam_role_policy_attachment.lambda_logs_policy_attachment",
            "aws_iam_role_policy_attachment.lambda_secretsmanager_policy_attachment",
            "aws_lambda_function.document_processor",
            "data.aws_secretsmanager_secret.llm_api_keys"
          ]
        }
      ]
    },
    {
      "mode": "managed",
      "type": "aws_api_gateway_integration",
      "name": "document_processor_integration",
      "provider": "provider[\"registry.terraform.io/hashicorp/aws\"]",
      "instances": [
        {
          "schema_version": 0,
          "attributes": {
            "cache_key_parameters": [],
            "cache_namespace": "sh4woa",
            "connection_id": "",
            "connection_type": "INTERNET",
            "content_handling": "",
            "credentials": "",
            "http_method": "POST",
            "id": "agi-hkz79z9rn4-sh4woa-POST",
            "integration_http_method": "POST",
            "passthrough_behavior": "WHEN_NO_MATCH",
            "request_parameters": {},
            "request_templates": {},
            "resource_id": "sh4woa",
            "rest_api_id": "hkz79z9rn4",
            "timeout_milliseconds": 29000,
            "tls_config": [],
            "type": "AWS_PROXY",
            "uri": "arn:aws:apigateway:us-east-1:lambda:path/2015-03-31/functions/arn:aws:lambda:us-east-1:414171615259:function:document-processor/invocations"
          },
          "sensitive_attributes": [],
          "private": "bnVsbA==",
          "dependencies": [
            "aws_api_gateway_method.document_processor_method",
            "aws_api_gateway_resource.document_processor_resource",
            "aws_api_gateway_rest_api.llm_utilities_api",
            "aws_cloudwatch_log_group.document_processor_logs",
            "aws_iam_policy.lambda_logs_policy",
            "aws_iam_policy.lambda_secretsmanager_policy",
            "aws_iam_role.lambda_role",
            "aws_iam_role_policy_attachment.lambda_logs_policy_attachment",
            "aws_iam_role_policy_attachment.lambda_secretsmanager_policy_attachment",
            "aws_lambda_function.document_processor",
            "data.aws_secretsmanager_secret.llm_api_keys"
          ]
        }
      ]
    },
    {
      "mode": "managed",
      "type": "aws_api_gateway_method",
      "name": "document_processor_method",
      "provider": "provider[\"registry.terraform.io/hashicorp/aws\"]",
      "instances": [
        {
          "schema_version": 0,
          "attributes": {
            "api_key_required": false,
            "authorization": "NONE",
            "authorization_scopes": [],
            "authorizer_id": "",
            "http_method": "POST",
            "id": "agm-hkz79z9rn4-sh4woa-POST",
            "operation_name": "",
            "request_models": {},
            "request_parameters": {},
            "request_validator_id": "",
            "resource_id": "sh4woa",
            "rest_api_id": "hkz79z9rn4"
          },
          "sensitive_attributes": [],
          "private": "bnVsbA==",
          "dependencies": [
            "aws_api_gateway_resource.document_processor_resource",
            "aws_api_gateway_rest_api.llm_utilities_api"
          ]
        }
      ]
    },
    {
      "mode": "managed",
      "type": "aws_api_gateway_resource",
      "name": "document_processor_resource",
      "provider": "provider[\"registry.terraform.io/hashicorp/aws\"]",
      "instances": [
        {
          "schema_version": 0,
          "attributes": {
            "id": "sh4woa",
            "parent_id": "hrwrlgf8cb",
            "path": "/process",
            "path_part": "process",
            "rest_api_id": "hkz79z9rn4"
          },
          "sensitive_attributes": [],
          "private": "bnVsbA==",
          "dependencies": [
            "aws_api_gateway_rest_api.llm_utilities_api"
          ]
        }
      ]
    },
    {
      "mode": "managed",
      "type": "aws_api_gateway_rest_api",
      "name": "llm_utilities_api",
      "provider": "provider[\"registry.terraform.io/hashicorp/aws\"]",
      "instances": [
        {
          "schema_version": 0,
          "attributes": {
            "api_key_source": "HEADER",
            "arn": "arn:aws:apigateway:us-east-1::/restapis/hkz79z9rn4",
            "binary_media_types": [],
            "body": null,
            "created_date": "2025-04-13T01:44:01Z",
            "description": "API for LLM utilities",
            "disable_execute_api_endpoint": false,
            "endpoint_configuration": [
              {
                "types": [
                  "EDGE"
                ],
                "vpc_endpoint_ids": []
              }
            ],
            "execution_arn": "arn:aws:execute-api:us-east-1:414171615259:hkz79z9rn4",
            "fail_on_warnings": null,
            "id": "hkz79z9rn4",
            "minimum_compression_size": "",
            "name": "llm-utilities-api",
            "parameters": null,
            "policy": "",
            "put_rest_api_mode": null,
            "root_resource_id": "hrwrlgf8cb",
            "tags": {},
            "tags_all": {}
          },
          "sensitive_attributes": [],
          "private": "bnVsbA=="
        }
      ]
    },
    {
      "mode": "managed",
      "type": "aws_cloudwatch_log_group",
      "name": "document_processor_logs",
      "provider": "provider[\"registry.terraform.io/hashicorp/aws\"]",
      "instances": [
        {
          "schema_version": 0,
          "attributes": {
            "arn": "arn:aws:logs:us-east-1:414171615259:log-group:/aws/lambda/document-processor",
            "id": "/aws/lambda/document-processor",
            "kms_key_id": "",
            "log_group_class": "STANDARD",
            "name": "/aws/lambda/document-processor",
            "name_prefix": "",
            "retention_in_days": 30,
            "skip_destroy": false,
            "tags": {},
            "tags_all": {}
          },
          "sensitive_attributes": [],
          "private": "bnVsbA=="
        }
      ]
    },
    {
      "mode": "managed",
      "type": "aws_iam_policy",
      "name": "lambda_logs_policy",
      "provider": "provider[\"registry.terraform.io/hashicorp/aws\"]",
      "instances": [
        {
          "schema_version": 0,
          "attributes": {
            "arn": "arn:aws:iam::414171615259:policy/document-processor-lambda-logs-policy",
            "attachment_count": 1,
            "description": "",
            "id": "arn:aws:iam::414171615259:policy/document-processor-lambda-logs-policy",
            "name": "document-processor-lambda-logs-policy",
            "name_prefix": "",
            "path": "/",
            "policy": "{\"Statement\":[{\"Action\":[\"logs:CreateLogStream\",\"logs:PutLogEvents\"],\"Effect\":\"Allow\",\"Resource\":\"arn:aws:logs:us-east-1:414171615259:log-group:/aws/lambda/document-processor:*\"}],\"Version\":\"2012-10-17\"}",
            "policy_id": "ANPAWA3UNKANV7TXGG7GI",
            "tags": {},
            "tags_all": {}
          },
          "sensitive_attributes": [],
          "private": "bnVsbA==",
          "dependencies": [
            "aws_cloudwatch_log_group.document_processor_logs"
          ]
        }
      ]
    },
    {
      "mode": "managed",
      "type": "aws_iam_policy",
      "name": "lambda_secretsmanager_policy",
      "provider": "provider[\"registry.terraform.io/hashicorp/aws\"]",
      "instances": [
        {
          "schema_version": 0,
          "attributes": {
            "arn": "arn:aws:iam::414171615259:policy/document-processor-lambda-secretsmanager-policy",
            "attachment_count": 1,
            "description": "",
            "id": "arn:aws:iam::414171615259:policy/document-processor-lambda-secretsmanager-policy",
            "name": "document-processor-lambda-secretsmanager-policy",
            "name_prefix": "",
            "path": "/",
            "policy": "{\"Statement\":[{\"Action\":[\"secretsmanager:GetSecretValue\"],\"Effect\":\"Allow\",\"Resource\":\"arn:aws:secretsmanager:us-east-1:414171615259:secret:llm-utilities/api-keys-Et88vr\"}],\"Version\":\"2012-10-17\"}",
            "policy_id": "ANPAWA3UNKANVKNFIPBKQ",
            "tags": {},
            "tags_all": {}
          },
          "sensitive_attributes": [],
          "private": "bnVsbA==",
          "dependencies": [
            "data.aws_secretsmanager_secret.llm_api_keys"
          ]
        }
      ]
    },
    {
      "mode": "managed",
      "type": "aws_iam_role",
      "name": "lambda_role",
      "provider": "provider[\"registry.terraform.io/hashicorp/aws\"]",
      "instances": [
        {
          "schema_version": 0,
          "attributes": {
            "arn": "arn:aws:iam::414171615259:role/document-processor-lambda-role",
            "assume_role_policy": "{\"Statement\":[{\"Action\":\"sts:AssumeRole\",\"Effect\":\"Allow\",\"Principal\":{\"Service\":\"lambda.amazonaws.com\"}}],\"Version\":\"2012-10-17\"}",
            "create_date": "2025-04-13T01:44:00Z",
            "description": "",
            "force_detach_policies": false,
            "id": "document-processor-lambda-role",
            "inline_policy": [],
            "managed_policy_arns": [
              "arn:aws:iam::414171615259:policy/document-processor-lambda-logs-policy",
              "arn:aws:iam::414171615259:policy/document-processor-lambda-secretsmanager-policy"
            ],
            "max_session_duration": 3600,
            "name": "document-processor-lambda-role",
            "name_prefix": "",
            "path": "/",
            "permissions_boundary": "",
            "tags": {},
            "tags_all": {},
            "unique_id": "AROAWA3UNKAN4RRSX5RNA"
          },
          "sensitive_attributes": [],
          "private": "bnVsbA=="
        }
      ]
    },
    {
      "mode": "managed",
      "type": "aws_iam_role_policy_attachment",
      "name": "lambda_logs_policy_attachment",
      "provider": "provider[\"registry.terraform.io/hashicorp/aws\"]",
      "instances": [
        {
          "schema_version": 0,
          "attributes": {
            "id": "document-processor-lambda-role-20250413014401292600000002",
            "policy_arn": "arn:aws:iam::414171615259:policy/document-processor-lambda-logs-policy",
            "role": "document-processor-lambda-role"
          },
          "sensitive_attributes": [],
          "private": "bnVsbA==",
          "dependencies": [
            "aws_cloudwatch_log_group.document_processor_logs",
            "aws_iam_policy.lambda_logs_policy",
            "aws_iam_role.lambda_role"
          ]
        }
      ]
    },
    {
      "mode": "managed",
      "type": "aws_iam_role_policy_attachment",
      "name": "lambda_secretsmanager_policy_attachment",
      "provider": "provider[\"registry.terraform.io/hashicorp/aws\"]",
      "instances": [
        {
          "schema_version": 0,
          "attributes": {
            "id": "document-processor-lambda-role-20250413015656895500000001",
            "policy_arn": "arn:aws:iam::414171615259:policy/document-processor-lambda-secretsmanager-policy",
            "role": "document-processor-lambda-role"
          },
          "sensitive_attributes": [],
          "private": "bnVsbA==",
          "dependencies": [
            "aws_iam_policy.lambda_secretsmanager_policy",
            "aws_iam_role.lambda_role",
            "data.aws_secretsmanager_secret.llm_api_keys"
          ]
        }
      ]
    },
    {
      "mode": "managed",
      "type": "aws_lambda_function",
      "name": "document_processor",
      "provider": "provider[\"registry.terraform.io/hashicorp/aws\"]",
      "instances": [
        {
          "schema_version": 0,
          "attributes": {
            "architectures": [
              "x86_64"
            ],
            "arn": "arn:aws:lambda:us-east-1:414171615259:function:document-processor",
            "code_sha256": "b67a88e8ea2774f7a567f7683f0b9b55ca2f6848bc2f4db3a33c3216e9fb6d97",
            "code_signing_config_arn": "",
            "dead_letter_config": [],
            "description": "",
            "environment": [
              {
                "variables": {
                  "AWS_SECRET_NAME": "llm-utilities/api-keys",
                  "DEFAULT_LLM_PROVIDER": "openai"
                }
              }
            ],
            "ephemeral_storage": [
              {
                "size": 512
              }
            ],
            "file_system_config": [],
            "filename": null,
            "function_name": "document-processor",
            "handler": "",
            "id": "document-processor",
            "image_config": [],
            "image_uri": "414171615259.dkr.ecr.us-east-1.amazonaws.com/document-processor:20250508-192647",
            "invoke_arn": "arn:aws:apigateway:us-east-1:lambda:path/2015-03-31/functions/arn:aws:lambda:us-east-1:414171615259:function:document-processor/invocations",
            "kms_key_arn": "",
            "last_modified": "2025-05-08T23:26:57.000+0000",
            "layers": [],
            "logging_config": [
              {
                "application_log_level": "",
                "log_format": "Text",
                "log_group": "/aws/lambda/document-processor",
                "system_log_level": ""
              }
            ],
            "memory_size": 1024,
            "package_type": "Image",
            "publish": false,
            "qualified_arn": "arn:aws:lambda:us-east-1:414171615259:function:document-processor:$LATEST",
            "qualified_invoke_arn": "arn:aws:apigateway:us-east-1:lambda:path/2015-03-31/functions/arn:aws:lambda:us-east-1:414171615259:function:document-processor:$LATEST/invocations",
            "replace_security_groups_on_destroy": null,
            "replacement_security_group_ids": null,
            "reserved_concurrent_executions": -1,
            "role": "arn:aws:iam::414171615259:role/document-processor-lambda-role",
            "runtime": "",
            "s3_bucket": null,
            "s3_key": null,
            "s3_object_version": null,
            "signing_job_arn": "",
            "signing_profile_version_arn": "",
            "skip_destroy": false,
            "snap_start": [],
            "source_code_hash": "",
            "source_code_size": 0,
            "tags": {},
            "tags_all": {},
            "timeout": 30,
            "timeouts": null,
            "tracing_config": [
              {
                "mode": "PassThrough"
              }
            ],
            "version": "$LATEST",
            "vpc_config": []
          },
          "sensitive_attributes": [],
          "private": "eyJlMmJmYjczMC1lY2FhLTExZTYtOGY4OC0zNDM2M2JjN2M0YzAiOnsiY3JlYXRlIjo2MDAwMDAwMDAwMDAsImRlbGV0ZSI6NjAwMDAwMDAwMDAwLCJ1cGRhdGUiOjYwMDAwMDAwMDAwMH19",
          "dependencies": [
            "aws_cloudwatch_log_group.document_processor_logs",
            "aws_iam_policy.lambda_logs_policy",
            "aws_iam_policy.lambda_secretsmanager_policy",
            "aws_iam_role.lambda_role",
            "aws_iam_role_policy_attachment.lambda_logs_policy_attachment",
            "aws_iam_role_policy_attachment.lambda_secretsmanager_policy_attachment",
            "data.aws_secretsmanager_secret.llm_api_keys"
          ]
        }
      ]
    },
    {
      "mode": "managed",
      "type": "aws_lambda_permission",
      "name": "api_gateway_lambda_permission",
      "provider": "provider[\"registry.terraform.io/hashicorp/aws\"]",
      "instances": [
        {
          "schema_version": 0,
          "attributes": {
            "action": "lambda:InvokeFunction",
            "event_source_token": null,
            "function_name": "document-processor",
            "function_url_auth_type": null,
            "id": "AllowAPIGatewayInvoke",
            "principal": "apigateway.amazonaws.com",
            "principal_org_id": null,
            "qualifier": "",
            "source_account": null,
            "source_arn": "arn:aws:execute-api:us-east-1:414171615259:hkz79z9rn4/*/*",
            "statement_id": "AllowAPIGatewayInvoke",
            "statement_id_prefix": ""
          },
          "sensitive_attributes": [],
          "private": "bnVsbA==",
          "dependencies": [
            "aws_api_gateway_rest_api.llm_utilities_api",
            "aws_cloudwatch_log_group.document_processor_logs",
            "aws_iam_policy.lambda_logs_policy",
            "aws_iam_policy.lambda_secretsmanager_policy",
            "aws_iam_role.lambda_role",
            "aws_iam_role_policy_attachment.lambda_logs_policy_attachment",
            "aws_iam_role_policy_attachment.lambda_secretsmanager_policy_attachment",
            "aws_lambda_function.document_processor",
            "data.aws_secretsmanager_secret.llm_api_keys"
          ]
        }
      ]
    }
  ],
  "check_results": null
}
